
Microsoft Visual Studio Solution File, Format Version 12.00
# Visual Studio 2013
VisualStudioVersion = 12.0.40629.0
MinimumVisualStudioVersion = 10.0.40219.1
Project("{2150E333-8FDC-42A3-9474-1A3956D46DE8}") = "net45", "net45", "{383F35FA-3A1A-45B6-BC0A-DA57043B106A}"
EndProject
Project("{2150E333-8FDC-42A3-9474-1A3956D46DE8}") = "net40", "net40", "{580F5807-89A3-4B85-80BF-4F154C9FAE30}"
EndProject
Project("{FAE04EC0-301F-11D3-BF4B-00C04F79EFBC}") = "ICS.XFramework", "net45\ICS.XFramework\ICS.XFramework.csproj", "{77FAC559-B1F6-4972-814F-9BE09FCAFB1C}"
EndProject
Project("{FAE04EC0-301F-11D3-BF4B-00C04F79EFBC}") = "ICS.XFramework.UnitTest", "net45\ICS.XFramework.UnitTest\ICS.XFramework.UnitTest.csproj", "{27BE7258-6BA9-4D38-B9ED-61729FA5134D}"
EndProject
Project("{FAE04EC0-301F-11D3-BF4B-00C04F79EFBC}") = "ICS.XFramework", "net40\ICS.XFramework\ICS.XFramework.csproj", "{2E5450DF-ED7F-4926-88EE-36F4923AE1F8}"
EndProject
Project("{FAE04EC0-301F-11D3-BF4B-00C04F79EFBC}") = "ICS.XFramework.UnitTest", "net40\ICS.XFramework.UnitTest\ICS.XFramework.UnitTest.csproj", "{26A42A18-0632-4EBA-9A39-CFFA834ECF77}"
EndProject
Project("{FAE04EC0-301F-11D3-BF4B-00C04F79EFBC}") = "ICS.XFramework.Postgre", "net45\ICS.XFramework.Postgre\ICS.XFramework.Postgre.csproj", "{7F583ADB-FEB4-4FA9-BEB0-74931370AD6A}"
EndProject
Project("{FAE04EC0-301F-11D3-BF4B-00C04F79EFBC}") = "ICS.XFramework.Postgre", "net40\ICS.XFramework.Postgre\ICS.XFramework.Postgre.csproj", "{B21281BE-BD14-46AB-921C-E46564507F20}"
EndProject
Project("{FAE04EC0-301F-11D3-BF4B-00C04F79EFBC}") = "ICS.XFramework.MySql", "net45\ICS.XFramework.MySql\ICS.XFramework.MySql.csproj", "{3AB2DB6E-6224-453E-AB02-EE95D50B5BC9}"
EndProject
Project("{FAE04EC0-301F-11D3-BF4B-00C04F79EFBC}") = "ICS.XFramework.MySql", "net40\ICS.XFramework.MySql\ICS.XFramework.MySql.csproj", "{C6D2452A-24A6-4AD2-A3B2-7EE89F1E4E9C}"
EndProject
Project("{FAE04EC0-301F-11D3-BF4B-00C04F79EFBC}") = "ICS.XFramework.Oracle", "net45\ICS.XFramework.Oracle\ICS.XFramework.Oracle.csproj", "{862D9B52-39FD-4351-8E8D-7E77805A9087}"
EndProject
Project("{FAE04EC0-301F-11D3-BF4B-00C04F79EFBC}") = "ICS.XFramework.Oracle", "net40\ICS.XFramework.Oracle\ICS.XFramework.Oracle.csproj", "{AE1811DB-FD61-4884-ACC1-AE2A2872F50D}"
EndProject
Project("{2150E333-8FDC-42A3-9474-1A3956D46DE8}") = "netcore", "netcore", "{64C1CD12-A5ED-4372-A018-4B6114B5AFDD}"
EndProject
Project("{9A19103F-16F7-4668-BE54-9A1E7A4F7556}") = "ICS.XFrameworkCore", "netcore\ICS.XFrameworkCore\ICS.XFrameworkCore.csproj", "{8602BFB9-0EFD-435E-BA93-E0F3962D8A46}"
EndProject
Project("{9A19103F-16F7-4668-BE54-9A1E7A4F7556}") = "ICS.XFrameworkCore.MySql", "netcore\ICS.XFrameworkCore.MySql\ICS.XFrameworkCore.MySql.csproj", "{01D6B7BA-CC45-462F-AADC-5C7021212AAA}"
EndProject
Project("{9A19103F-16F7-4668-BE54-9A1E7A4F7556}") = "ICS.XFrameworkCore.Oracle", "netcore\ICS.XFrameworkCore.Oracle\ICS.XFrameworkCore.Oracle.csproj", "{785C2538-86B1-4CC1-8780-9088B46C2ACB}"
EndProject
Project("{9A19103F-16F7-4668-BE54-9A1E7A4F7556}") = "ICS.XFrameworkCore.Postgre", "netcore\ICS.XFrameworkCore.Postgre\ICS.XFrameworkCore.Postgre.csproj", "{6DE66698-3C2E-4FF3-BBE4-F767919DCCC8}"
EndProject
Project("{9A19103F-16F7-4668-BE54-9A1E7A4F7556}") = "ICS.XFrameworkCore.UnitTest", "netcore\ICS.XFrameworkCore.UnitTest\ICS.XFrameworkCore.UnitTest.csproj", "{F762CC66-B332-4D4E-AB4A-618C66492C39}"
EndProject
Global
	GlobalSection(SolutionConfigurationPlatforms) = preSolution
		Debug|Any CPU = Debug|Any CPU
		Release|Any CPU = Release|Any CPU
	EndGlobalSection
	GlobalSection(ProjectConfigurationPlatforms) = postSolution
		{77FAC559-B1F6-4972-814F-9BE09FCAFB1C}.Debug|Any CPU.ActiveCfg = Debug|Any CPU
		{77FAC559-B1F6-4972-814F-9BE09FCAFB1C}.Debug|Any CPU.Build.0 = Debug|Any CPU
		{77FAC559-B1F6-4972-814F-9BE09FCAFB1C}.Release|Any CPU.ActiveCfg = Release|Any CPU
		{77FAC559-B1F6-4972-814F-9BE09FCAFB1C}.Release|Any CPU.Build.0 = Release|Any CPU
		{27BE7258-6BA9-4D38-B9ED-61729FA5134D}.Debug|Any CPU.ActiveCfg = Debug|Any CPU
		{27BE7258-6BA9-4D38-B9ED-61729FA5134D}.Debug|Any CPU.Build.0 = Debug|Any CPU
		{27BE7258-6BA9-4D38-B9ED-61729FA5134D}.Release|Any CPU.ActiveCfg = Release|Any CPU
		{27BE7258-6BA9-4D38-B9ED-61729FA5134D}.Release|Any CPU.Build.0 = Release|Any CPU
		{2E5450DF-ED7F-4926-88EE-36F4923AE1F8}.Debug|Any CPU.ActiveCfg = Debug|Any CPU
		{2E5450DF-ED7F-4926-88EE-36F4923AE1F8}.Debug|Any CPU.Build.0 = Debug|Any CPU
		{2E5450DF-ED7F-4926-88EE-36F4923AE1F8}.Release|Any CPU.ActiveCfg = Release|Any CPU
		{2E5450DF-ED7F-4926-88EE-36F4923AE1F8}.Release|Any CPU.Build.0 = Release|Any CPU
		{26A42A18-0632-4EBA-9A39-CFFA834ECF77}.Debug|Any CPU.ActiveCfg = Debug|Any CPU
		{26A42A18-0632-4EBA-9A39-CFFA834ECF77}.Debug|Any CPU.Build.0 = Debug|Any CPU
		{26A42A18-0632-4EBA-9A39-CFFA834ECF77}.Release|Any CPU.ActiveCfg = Release|Any CPU
		{26A42A18-0632-4EBA-9A39-CFFA834ECF77}.Release|Any CPU.Build.0 = Release|Any CPU
		{7F583ADB-FEB4-4FA9-BEB0-74931370AD6A}.Debug|Any CPU.ActiveCfg = Debug|Any CPU
		{7F583ADB-FEB4-4FA9-BEB0-74931370AD6A}.Debug|Any CPU.Build.0 = Debug|Any CPU
		{7F583ADB-FEB4-4FA9-BEB0-74931370AD6A}.Release|Any CPU.ActiveCfg = Release|Any CPU
		{7F583ADB-FEB4-4FA9-BEB0-74931370AD6A}.Release|Any CPU.Build.0 = Release|Any CPU
		{B21281BE-BD14-46AB-921C-E46564507F20}.Debug|Any CPU.ActiveCfg = Debug|Any CPU
		{B21281BE-BD14-46AB-921C-E46564507F20}.Debug|Any CPU.Build.0 = Debug|Any CPU
		{B21281BE-BD14-46AB-921C-E46564507F20}.Release|Any CPU.ActiveCfg = Release|Any CPU
		{B21281BE-BD14-46AB-921C-E46564507F20}.Release|Any CPU.Build.0 = Release|Any CPU
		{3AB2DB6E-6224-453E-AB02-EE95D50B5BC9}.Debug|Any CPU.ActiveCfg = Debug|Any CPU
		{3AB2DB6E-6224-453E-AB02-EE95D50B5BC9}.Debug|Any CPU.Build.0 = Debug|Any CPU
		{3AB2DB6E-6224-453E-AB02-EE95D50B5BC9}.Release|Any CPU.ActiveCfg = Release|Any CPU
		{3AB2DB6E-6224-453E-AB02-EE95D50B5BC9}.Release|Any CPU.Build.0 = Release|Any CPU
		{C6D2452A-24A6-4AD2-A3B2-7EE89F1E4E9C}.Debug|Any CPU.ActiveCfg = Debug|Any CPU
		{C6D2452A-24A6-4AD2-A3B2-7EE89F1E4E9C}.Debug|Any CPU.Build.0 = Debug|Any CPU
		{C6D2452A-24A6-4AD2-A3B2-7EE89F1E4E9C}.Release|Any CPU.ActiveCfg = Release|Any CPU
		{C6D2452A-24A6-4AD2-A3B2-7EE89F1E4E9C}.Release|Any CPU.Build.0 = Release|Any CPU
		{862D9B52-39FD-4351-8E8D-7E77805A9087}.Debug|Any CPU.ActiveCfg = Debug|Any CPU
		{862D9B52-39FD-4351-8E8D-7E77805A9087}.Debug|Any CPU.Build.0 = Debug|Any CPU
		{862D9B52-39FD-4351-8E8D-7E77805A9087}.Release|Any CPU.ActiveCfg = Release|Any CPU
		{862D9B52-39FD-4351-8E8D-7E77805A9087}.Release|Any CPU.Build.0 = Release|Any CPU
		{AE1811DB-FD61-4884-ACC1-AE2A2872F50D}.Debug|Any CPU.ActiveCfg = Debug|Any CPU
		{AE1811DB-FD61-4884-ACC1-AE2A2872F50D}.Debug|Any CPU.Build.0 = Debug|Any CPU
		{AE1811DB-FD61-4884-ACC1-AE2A2872F50D}.Release|Any CPU.ActiveCfg = Release|Any CPU
		{AE1811DB-FD61-4884-ACC1-AE2A2872F50D}.Release|Any CPU.Build.0 = Release|Any CPU
		{8602BFB9-0EFD-435E-BA93-E0F3962D8A46}.Debug|Any CPU.ActiveCfg = Debug|Any CPU
		{8602BFB9-0EFD-435E-BA93-E0F3962D8A46}.Debug|Any CPU.Build.0 = Debug|Any CPU
		{8602BFB9-0EFD-435E-BA93-E0F3962D8A46}.Release|Any CPU.ActiveCfg = Release|Any CPU
		{8602BFB9-0EFD-435E-BA93-E0F3962D8A46}.Release|Any CPU.Build.0 = Release|Any CPU
		{01D6B7BA-CC45-462F-AADC-5C7021212AAA}.Debug|Any CPU.ActiveCfg = Debug|Any CPU
		{01D6B7BA-CC45-462F-AADC-5C7021212AAA}.Debug|Any CPU.Build.0 = Debug|Any CPU
		{01D6B7BA-CC45-462F-AADC-5C7021212AAA}.Release|Any CPU.ActiveCfg = Release|Any CPU
		{01D6B7BA-CC45-462F-AADC-5C7021212AAA}.Release|Any CPU.Build.0 = Release|Any CPU
		{785C2538-86B1-4CC1-8780-9088B46C2ACB}.Debug|Any CPU.ActiveCfg = Debug|Any CPU
		{785C2538-86B1-4CC1-8780-9088B46C2ACB}.Debug|Any CPU.Build.0 = Debug|Any CPU
		{785C2538-86B1-4CC1-8780-9088B46C2ACB}.Release|Any CPU.ActiveCfg = Release|Any CPU
		{785C2538-86B1-4CC1-8780-9088B46C2ACB}.Release|Any CPU.Build.0 = Release|Any CPU
		{6DE66698-3C2E-4FF3-BBE4-F767919DCCC8}.Debug|Any CPU.ActiveCfg = Debug|Any CPU
		{6DE66698-3C2E-4FF3-BBE4-F767919DCCC8}.Debug|Any CPU.Build.0 = Debug|Any CPU
		{6DE66698-3C2E-4FF3-BBE4-F767919DCCC8}.Release|Any CPU.ActiveCfg = Release|Any CPU
		{6DE66698-3C2E-4FF3-BBE4-F767919DCCC8}.Release|Any CPU.Build.0 = Release|Any CPU
		{F762CC66-B332-4D4E-AB4A-618C66492C39}.Debug|Any CPU.ActiveCfg = Debug|Any CPU
		{F762CC66-B332-4D4E-AB4A-618C66492C39}.Debug|Any CPU.Build.0 = Debug|Any CPU
		{F762CC66-B332-4D4E-AB4A-618C66492C39}.Release|Any CPU.ActiveCfg = Release|Any CPU
		{F762CC66-B332-4D4E-AB4A-618C66492C39}.Release|Any CPU.Build.0 = Release|Any CPU
	EndGlobalSection
	GlobalSection(SolutionProperties) = preSolution
		HideSolutionNode = FALSE
	EndGlobalSection
	GlobalSection(NestedProjects) = preSolution
		{77FAC559-B1F6-4972-814F-9BE09FCAFB1C} = {383F35FA-3A1A-45B6-BC0A-DA57043B106A}
		{27BE7258-6BA9-4D38-B9ED-61729FA5134D} = {383F35FA-3A1A-45B6-BC0A-DA57043B106A}
		{2E5450DF-ED7F-4926-88EE-36F4923AE1F8} = {580F5807-89A3-4B85-80BF-4F154C9FAE30}
		{26A42A18-0632-4EBA-9A39-CFFA834ECF77} = {580F5807-89A3-4B85-80BF-4F154C9FAE30}
		{7F583ADB-FEB4-4FA9-BEB0-74931370AD6A} = {383F35FA-3A1A-45B6-BC0A-DA57043B106A}
		{B21281BE-BD14-46AB-921C-E46564507F20} = {580F5807-89A3-4B85-80BF-4F154C9FAE30}
		{3AB2DB6E-6224-453E-AB02-EE95D50B5BC9} = {383F35FA-3A1A-45B6-BC0A-DA57043B106A}
		{C6D2452A-24A6-4AD2-A3B2-7EE89F1E4E9C} = {580F5807-89A3-4B85-80BF-4F154C9FAE30}
		{862D9B52-39FD-4351-8E8D-7E77805A9087} = {383F35FA-3A1A-45B6-BC0A-DA57043B106A}
		{AE1811DB-FD61-4884-ACC1-AE2A2872F50D} = {580F5807-89A3-4B85-80BF-4F154C9FAE30}
		{8602BFB9-0EFD-435E-BA93-E0F3962D8A46} = {64C1CD12-A5ED-4372-A018-4B6114B5AFDD}
		{01D6B7BA-CC45-462F-AADC-5C7021212AAA} = {64C1CD12-A5ED-4372-A018-4B6114B5AFDD}
		{785C2538-86B1-4CC1-8780-9088B46C2ACB} = {64C1CD12-A5ED-4372-A018-4B6114B5AFDD}
		{6DE66698-3C2E-4FF3-BBE4-F767919DCCC8} = {64C1CD12-A5ED-4372-A018-4B6114B5AFDD}
		{F762CC66-B332-4D4E-AB4A-618C66492C39} = {64C1CD12-A5ED-4372-A018-4B6114B5AFDD}
	EndGlobalSection
	GlobalSection(ExtensibilityGlobals) = postSolution
		SolutionGuid = {3DB1C9FE-3743-4973-BC61-0BFD7F063824}
	EndGlobalSection
	GlobalSection(Performance) = preSolution
		HasPerformanceSessions = true
	EndGlobalSection
EndGlobal
