
Microsoft Visual Studio Solution File, Format Version 12.00
# Visual Studio Version 16
VisualStudioVersion = 16.0.30517.126
MinimumVisualStudioVersion = 10.0.40219.1
Project("{2150E333-8FDC-42A3-9474-1A3956D46DE8}") = "net45", "net45", "{383F35FA-3A1A-45B6-BC0A-DA57043B106A}"
EndProject
Project("{2150E333-8FDC-42A3-9474-1A3956D46DE8}") = "net40", "net40", "{580F5807-89A3-4B85-80BF-4F154C9FAE30}"
EndProject
Project("{FAE04EC0-301F-11D3-BF4B-00C04F79EFBC}") = "Riz.XFramework", "net45\Riz.XFramework\Riz.XFramework.csproj", "{77FAC559-B1F6-4972-814F-9BE09FCAFB1C}"
EndProject
Project("{FAE04EC0-301F-11D3-BF4B-00C04F79EFBC}") = "Riz.XFramework.UnitTest", "net45\Riz.XFramework.UnitTest\Riz.XFramework.UnitTest.csproj", "{27BE7258-6BA9-4D38-B9ED-61729FA5134D}"
EndProject
Project("{FAE04EC0-301F-11D3-BF4B-00C04F79EFBC}") = "Riz.XFramework", "net40\Riz.XFramework\Riz.XFramework.csproj", "{2E5450DF-ED7F-4926-88EE-36F4923AE1F8}"
EndProject
Project("{FAE04EC0-301F-11D3-BF4B-00C04F79EFBC}") = "Riz.XFramework.UnitTest", "net40\Riz.XFramework.UnitTest\Riz.XFramework.UnitTest.csproj", "{26A42A18-0632-4EBA-9A39-CFFA834ECF77}"
EndProject
Project("{FAE04EC0-301F-11D3-BF4B-00C04F79EFBC}") = "Riz.XFramework.Postgre", "net45\Riz.XFramework.Postgre\Riz.XFramework.Postgre.csproj", "{7F583ADB-FEB4-4FA9-BEB0-74931370AD6A}"
EndProject
Project("{FAE04EC0-301F-11D3-BF4B-00C04F79EFBC}") = "Riz.XFramework.Postgre", "net40\Riz.XFramework.Postgre\Riz.XFramework.Postgre.csproj", "{B21281BE-BD14-46AB-921C-E46564507F20}"
EndProject
Project("{FAE04EC0-301F-11D3-BF4B-00C04F79EFBC}") = "Riz.XFramework.MySql", "net45\Riz.XFramework.MySql\Riz.XFramework.MySql.csproj", "{3AB2DB6E-6224-453E-AB02-EE95D50B5BC9}"
EndProject
Project("{FAE04EC0-301F-11D3-BF4B-00C04F79EFBC}") = "Riz.XFramework.MySql", "net40\Riz.XFramework.MySql\Riz.XFramework.MySql.csproj", "{C6D2452A-24A6-4AD2-A3B2-7EE89F1E4E9C}"
EndProject
Project("{FAE04EC0-301F-11D3-BF4B-00C04F79EFBC}") = "Riz.XFramework.Oracle", "net45\Riz.XFramework.Oracle\Riz.XFramework.Oracle.csproj", "{862D9B52-39FD-4351-8E8D-7E77805A9087}"
EndProject
Project("{FAE04EC0-301F-11D3-BF4B-00C04F79EFBC}") = "Riz.XFramework.Oracle", "net40\Riz.XFramework.Oracle\Riz.XFramework.Oracle.csproj", "{AE1811DB-FD61-4884-ACC1-AE2A2872F50D}"
EndProject
Project("{2150E333-8FDC-42A3-9474-1A3956D46DE8}") = "netcore", "netcore", "{64C1CD12-A5ED-4372-A018-4B6114B5AFDD}"
EndProject
Project("{9A19103F-16F7-4668-BE54-9A1E7A4F7556}") = "Riz.XFrameworkCore", "netcore\Riz.XFrameworkCore\Riz.XFrameworkCore.csproj", "{8602BFB9-0EFD-435E-BA93-E0F3962D8A46}"
EndProject
Project("{9A19103F-16F7-4668-BE54-9A1E7A4F7556}") = "Riz.XFrameworkCore.MySql", "netcore\Riz.XFrameworkCore.MySql\Riz.XFrameworkCore.MySql.csproj", "{01D6B7BA-CC45-462F-AADC-5C7021212AAA}"
EndProject
Project("{9A19103F-16F7-4668-BE54-9A1E7A4F7556}") = "Riz.XFrameworkCore.Oracle", "netcore\Riz.XFrameworkCore.Oracle\Riz.XFrameworkCore.Oracle.csproj", "{785C2538-86B1-4CC1-8780-9088B46C2ACB}"
EndProject
Project("{9A19103F-16F7-4668-BE54-9A1E7A4F7556}") = "Riz.XFrameworkCore.Postgre", "netcore\Riz.XFrameworkCore.Postgre\Riz.XFrameworkCore.Postgre.csproj", "{6DE66698-3C2E-4FF3-BBE4-F767919DCCC8}"
EndProject
Project("{9A19103F-16F7-4668-BE54-9A1E7A4F7556}") = "Riz.XFrameworkCore.UnitTest", "netcore\Riz.XFrameworkCore.UnitTest\Riz.XFrameworkCore.UnitTest.csproj", "{F762CC66-B332-4D4E-AB4A-618C66492C39}"
EndProject
Project("{FAE04EC0-301F-11D3-BF4B-00C04F79EFBC}") = "Riz.XFramework.SQLite", "net45\Riz.XFramework.SQLite\Riz.XFramework.SQLite.csproj", "{7F27347F-3EF1-4052-9FE8-53B44BD6EA6F}"
EndProject
Project("{FAE04EC0-301F-11D3-BF4B-00C04F79EFBC}") = "Riz.XFramework.SQLite", "net40\Riz.XFramework.SQLite\Riz.XFramework.SQLite.csproj", "{37D944E7-B96F-434D-B535-E612AB72DF4C}"
EndProject
Project("{9A19103F-16F7-4668-BE54-9A1E7A4F7556}") = "Riz.XFrameworkCore.SQLite", "netcore\Riz.XFrameworkCore.SQLite\Riz.XFrameworkCore.SQLite.csproj", "{1DEB9E5D-01E0-4101-8794-496A6E0FBC23}"
EndProject
Project("{FAE04EC0-301F-11D3-BF4B-00C04F79EFBC}") = "Riz.XFramework.UnitTest.Nuget", "net45\Riz.XFramework.UnitTest.Nuget\Riz.XFramework.UnitTest.Nuget.csproj", "{279CB6F9-FBE9-4BE6-BB4A-99642195CAE6}"
EndProject
Project("{9A19103F-16F7-4668-BE54-9A1E7A4F7556}") = "Riz.XFrameworkCore.UnitTest.Nuget", "netcore\Riz.XFrameworkCore.UnitTest.Nuget\Riz.XFrameworkCore.UnitTest.Nuget.csproj", "{DABA28C6-28A9-4773-AC26-F3265C1674C4}"
EndProject
Project("{2150E333-8FDC-42A3-9474-1A3956D46DE8}") = "src", "src", "{FA218316-9D79-4702-BDD1-888C266634D2}"
EndProject
Project("{9A19103F-16F7-4668-BE54-9A1E7A4F7556}") = "Riz.XFramework", "src\Riz.XFramework\Riz.XFramework.csproj", "{82466075-5D07-4394-B04C-EBB88325350E}"
EndProject
Project("{9A19103F-16F7-4668-BE54-9A1E7A4F7556}") = "Riz.XFramework.MySql", "src\Riz.XFramework.MySql\Riz.XFramework.MySql.csproj", "{22F76A48-1BC5-48B9-99FD-D5B9B272250C}"
EndProject
Project("{9A19103F-16F7-4668-BE54-9A1E7A4F7556}") = "Riz.XFramework.Oracle", "src\Riz.XFramework.Oracle\Riz.XFramework.Oracle.csproj", "{08715534-AAD4-482A-B09E-BC9CADEF998F}"
EndProject
Project("{9A19103F-16F7-4668-BE54-9A1E7A4F7556}") = "Riz.XFramework.Postgre", "src\Riz.XFramework.Postgre\Riz.XFramework.Postgre.csproj", "{C1793F17-A5BD-48AA-A061-1670BCC69BC3}"
EndProject
Project("{9A19103F-16F7-4668-BE54-9A1E7A4F7556}") = "Riz.XFramework.SQLite", "src\Riz.XFramework.SQLite\Riz.XFramework.SQLite.csproj", "{331BB191-A618-478B-B8E1-6CEE9C2E6660}"
EndProject
Project("{9A19103F-16F7-4668-BE54-9A1E7A4F7556}") = "Riz.XFramework.UnitTest", "src\Riz.XFramework.UnitTest\Riz.XFramework.UnitTest.csproj", "{DBBAB5A7-57B3-43F6-A9F6-0417EDF97235}"
EndProject
Global
	GlobalSection(SolutionConfigurationPlatforms) = preSolution
		Debug|Any CPU = Debug|Any CPU
		Release|Any CPU = Release|Any CPU
	EndGlobalSection
	GlobalSection(ProjectConfigurationPlatforms) = postSolution
		{77FAC559-B1F6-4972-814F-9BE09FCAFB1C}.Debug|Any CPU.ActiveCfg = Debug|Any CPU
		{77FAC559-B1F6-4972-814F-9BE09FCAFB1C}.Debug|Any CPU.Build.0 = Debug|Any CPU
		{77FAC559-B1F6-4972-814F-9BE09FCAFB1C}.Release|Any CPU.ActiveCfg = Release|Any CPU
		{77FAC559-B1F6-4972-814F-9BE09FCAFB1C}.Release|Any CPU.Build.0 = Release|Any CPU
		{27BE7258-6BA9-4D38-B9ED-61729FA5134D}.Debug|Any CPU.ActiveCfg = Debug|Any CPU
		{27BE7258-6BA9-4D38-B9ED-61729FA5134D}.Debug|Any CPU.Build.0 = Debug|Any CPU
		{27BE7258-6BA9-4D38-B9ED-61729FA5134D}.Release|Any CPU.ActiveCfg = Release|Any CPU
		{27BE7258-6BA9-4D38-B9ED-61729FA5134D}.Release|Any CPU.Build.0 = Release|Any CPU
		{2E5450DF-ED7F-4926-88EE-36F4923AE1F8}.Debug|Any CPU.ActiveCfg = Debug|Any CPU
		{2E5450DF-ED7F-4926-88EE-36F4923AE1F8}.Debug|Any CPU.Build.0 = Debug|Any CPU
		{2E5450DF-ED7F-4926-88EE-36F4923AE1F8}.Release|Any CPU.ActiveCfg = Release|Any CPU
		{2E5450DF-ED7F-4926-88EE-36F4923AE1F8}.Release|Any CPU.Build.0 = Release|Any CPU
		{26A42A18-0632-4EBA-9A39-CFFA834ECF77}.Debug|Any CPU.ActiveCfg = Debug|Any CPU
		{26A42A18-0632-4EBA-9A39-CFFA834ECF77}.Debug|Any CPU.Build.0 = Debug|Any CPU
		{26A42A18-0632-4EBA-9A39-CFFA834ECF77}.Release|Any CPU.ActiveCfg = Release|Any CPU
		{26A42A18-0632-4EBA-9A39-CFFA834ECF77}.Release|Any CPU.Build.0 = Release|Any CPU
		{7F583ADB-FEB4-4FA9-BEB0-74931370AD6A}.Debug|Any CPU.ActiveCfg = Debug|Any CPU
		{7F583ADB-FEB4-4FA9-BEB0-74931370AD6A}.Debug|Any CPU.Build.0 = Debug|Any CPU
		{7F583ADB-FEB4-4FA9-BEB0-74931370AD6A}.Release|Any CPU.ActiveCfg = Release|Any CPU
		{7F583ADB-FEB4-4FA9-BEB0-74931370AD6A}.Release|Any CPU.Build.0 = Release|Any CPU
		{B21281BE-BD14-46AB-921C-E46564507F20}.Debug|Any CPU.ActiveCfg = Debug|Any CPU
		{B21281BE-BD14-46AB-921C-E46564507F20}.Debug|Any CPU.Build.0 = Debug|Any CPU
		{B21281BE-BD14-46AB-921C-E46564507F20}.Release|Any CPU.ActiveCfg = Release|Any CPU
		{B21281BE-BD14-46AB-921C-E46564507F20}.Release|Any CPU.Build.0 = Release|Any CPU
		{3AB2DB6E-6224-453E-AB02-EE95D50B5BC9}.Debug|Any CPU.ActiveCfg = Debug|Any CPU
		{3AB2DB6E-6224-453E-AB02-EE95D50B5BC9}.Debug|Any CPU.Build.0 = Debug|Any CPU
		{3AB2DB6E-6224-453E-AB02-EE95D50B5BC9}.Release|Any CPU.ActiveCfg = Release|Any CPU
		{3AB2DB6E-6224-453E-AB02-EE95D50B5BC9}.Release|Any CPU.Build.0 = Release|Any CPU
		{C6D2452A-24A6-4AD2-A3B2-7EE89F1E4E9C}.Debug|Any CPU.ActiveCfg = Debug|Any CPU
		{C6D2452A-24A6-4AD2-A3B2-7EE89F1E4E9C}.Debug|Any CPU.Build.0 = Debug|Any CPU
		{C6D2452A-24A6-4AD2-A3B2-7EE89F1E4E9C}.Release|Any CPU.ActiveCfg = Release|Any CPU
		{C6D2452A-24A6-4AD2-A3B2-7EE89F1E4E9C}.Release|Any CPU.Build.0 = Release|Any CPU
		{862D9B52-39FD-4351-8E8D-7E77805A9087}.Debug|Any CPU.ActiveCfg = Debug|Any CPU
		{862D9B52-39FD-4351-8E8D-7E77805A9087}.Debug|Any CPU.Build.0 = Debug|Any CPU
		{862D9B52-39FD-4351-8E8D-7E77805A9087}.Release|Any CPU.ActiveCfg = Release|Any CPU
		{862D9B52-39FD-4351-8E8D-7E77805A9087}.Release|Any CPU.Build.0 = Release|Any CPU
		{AE1811DB-FD61-4884-ACC1-AE2A2872F50D}.Debug|Any CPU.ActiveCfg = Debug|Any CPU
		{AE1811DB-FD61-4884-ACC1-AE2A2872F50D}.Debug|Any CPU.Build.0 = Debug|Any CPU
		{AE1811DB-FD61-4884-ACC1-AE2A2872F50D}.Release|Any CPU.ActiveCfg = Release|Any CPU
		{AE1811DB-FD61-4884-ACC1-AE2A2872F50D}.Release|Any CPU.Build.0 = Release|Any CPU
		{8602BFB9-0EFD-435E-BA93-E0F3962D8A46}.Debug|Any CPU.ActiveCfg = Debug|Any CPU
		{8602BFB9-0EFD-435E-BA93-E0F3962D8A46}.Debug|Any CPU.Build.0 = Debug|Any CPU
		{8602BFB9-0EFD-435E-BA93-E0F3962D8A46}.Release|Any CPU.ActiveCfg = Release|Any CPU
		{8602BFB9-0EFD-435E-BA93-E0F3962D8A46}.Release|Any CPU.Build.0 = Release|Any CPU
		{01D6B7BA-CC45-462F-AADC-5C7021212AAA}.Debug|Any CPU.ActiveCfg = Debug|Any CPU
		{01D6B7BA-CC45-462F-AADC-5C7021212AAA}.Debug|Any CPU.Build.0 = Debug|Any CPU
		{01D6B7BA-CC45-462F-AADC-5C7021212AAA}.Release|Any CPU.ActiveCfg = Release|Any CPU
		{01D6B7BA-CC45-462F-AADC-5C7021212AAA}.Release|Any CPU.Build.0 = Release|Any CPU
		{785C2538-86B1-4CC1-8780-9088B46C2ACB}.Debug|Any CPU.ActiveCfg = Debug|Any CPU
		{785C2538-86B1-4CC1-8780-9088B46C2ACB}.Debug|Any CPU.Build.0 = Debug|Any CPU
		{785C2538-86B1-4CC1-8780-9088B46C2ACB}.Release|Any CPU.ActiveCfg = Release|Any CPU
		{785C2538-86B1-4CC1-8780-9088B46C2ACB}.Release|Any CPU.Build.0 = Release|Any CPU
		{6DE66698-3C2E-4FF3-BBE4-F767919DCCC8}.Debug|Any CPU.ActiveCfg = Debug|Any CPU
		{6DE66698-3C2E-4FF3-BBE4-F767919DCCC8}.Debug|Any CPU.Build.0 = Debug|Any CPU
		{6DE66698-3C2E-4FF3-BBE4-F767919DCCC8}.Release|Any CPU.ActiveCfg = Release|Any CPU
		{6DE66698-3C2E-4FF3-BBE4-F767919DCCC8}.Release|Any CPU.Build.0 = Release|Any CPU
		{F762CC66-B332-4D4E-AB4A-618C66492C39}.Debug|Any CPU.ActiveCfg = Debug|Any CPU
		{F762CC66-B332-4D4E-AB4A-618C66492C39}.Debug|Any CPU.Build.0 = Debug|Any CPU
		{F762CC66-B332-4D4E-AB4A-618C66492C39}.Release|Any CPU.ActiveCfg = Release|Any CPU
		{F762CC66-B332-4D4E-AB4A-618C66492C39}.Release|Any CPU.Build.0 = Release|Any CPU
		{7F27347F-3EF1-4052-9FE8-53B44BD6EA6F}.Debug|Any CPU.ActiveCfg = Debug|Any CPU
		{7F27347F-3EF1-4052-9FE8-53B44BD6EA6F}.Debug|Any CPU.Build.0 = Debug|Any CPU
		{7F27347F-3EF1-4052-9FE8-53B44BD6EA6F}.Release|Any CPU.ActiveCfg = Release|Any CPU
		{7F27347F-3EF1-4052-9FE8-53B44BD6EA6F}.Release|Any CPU.Build.0 = Release|Any CPU
		{37D944E7-B96F-434D-B535-E612AB72DF4C}.Debug|Any CPU.ActiveCfg = Debug|Any CPU
		{37D944E7-B96F-434D-B535-E612AB72DF4C}.Debug|Any CPU.Build.0 = Debug|Any CPU
		{37D944E7-B96F-434D-B535-E612AB72DF4C}.Release|Any CPU.ActiveCfg = Release|Any CPU
		{37D944E7-B96F-434D-B535-E612AB72DF4C}.Release|Any CPU.Build.0 = Release|Any CPU
		{1DEB9E5D-01E0-4101-8794-496A6E0FBC23}.Debug|Any CPU.ActiveCfg = Debug|Any CPU
		{1DEB9E5D-01E0-4101-8794-496A6E0FBC23}.Debug|Any CPU.Build.0 = Debug|Any CPU
		{1DEB9E5D-01E0-4101-8794-496A6E0FBC23}.Release|Any CPU.ActiveCfg = Release|Any CPU
		{1DEB9E5D-01E0-4101-8794-496A6E0FBC23}.Release|Any CPU.Build.0 = Release|Any CPU
		{279CB6F9-FBE9-4BE6-BB4A-99642195CAE6}.Debug|Any CPU.ActiveCfg = Debug|Any CPU
		{279CB6F9-FBE9-4BE6-BB4A-99642195CAE6}.Debug|Any CPU.Build.0 = Debug|Any CPU
		{279CB6F9-FBE9-4BE6-BB4A-99642195CAE6}.Release|Any CPU.ActiveCfg = Release|Any CPU
		{279CB6F9-FBE9-4BE6-BB4A-99642195CAE6}.Release|Any CPU.Build.0 = Release|Any CPU
		{DABA28C6-28A9-4773-AC26-F3265C1674C4}.Debug|Any CPU.ActiveCfg = Debug|Any CPU
		{DABA28C6-28A9-4773-AC26-F3265C1674C4}.Debug|Any CPU.Build.0 = Debug|Any CPU
		{DABA28C6-28A9-4773-AC26-F3265C1674C4}.Release|Any CPU.ActiveCfg = Release|Any CPU
		{DABA28C6-28A9-4773-AC26-F3265C1674C4}.Release|Any CPU.Build.0 = Release|Any CPU
		{82466075-5D07-4394-B04C-EBB88325350E}.Debug|Any CPU.ActiveCfg = Debug|Any CPU
		{82466075-5D07-4394-B04C-EBB88325350E}.Debug|Any CPU.Build.0 = Debug|Any CPU
		{82466075-5D07-4394-B04C-EBB88325350E}.Release|Any CPU.ActiveCfg = Release|Any CPU
		{82466075-5D07-4394-B04C-EBB88325350E}.Release|Any CPU.Build.0 = Release|Any CPU
		{22F76A48-1BC5-48B9-99FD-D5B9B272250C}.Debug|Any CPU.ActiveCfg = Debug|Any CPU
		{22F76A48-1BC5-48B9-99FD-D5B9B272250C}.Debug|Any CPU.Build.0 = Debug|Any CPU
		{22F76A48-1BC5-48B9-99FD-D5B9B272250C}.Release|Any CPU.ActiveCfg = Release|Any CPU
		{22F76A48-1BC5-48B9-99FD-D5B9B272250C}.Release|Any CPU.Build.0 = Release|Any CPU
		{08715534-AAD4-482A-B09E-BC9CADEF998F}.Debug|Any CPU.ActiveCfg = Debug|Any CPU
		{08715534-AAD4-482A-B09E-BC9CADEF998F}.Debug|Any CPU.Build.0 = Debug|Any CPU
		{08715534-AAD4-482A-B09E-BC9CADEF998F}.Release|Any CPU.ActiveCfg = Release|Any CPU
		{08715534-AAD4-482A-B09E-BC9CADEF998F}.Release|Any CPU.Build.0 = Release|Any CPU
		{C1793F17-A5BD-48AA-A061-1670BCC69BC3}.Debug|Any CPU.ActiveCfg = Debug|Any CPU
		{C1793F17-A5BD-48AA-A061-1670BCC69BC3}.Debug|Any CPU.Build.0 = Debug|Any CPU
		{C1793F17-A5BD-48AA-A061-1670BCC69BC3}.Release|Any CPU.ActiveCfg = Release|Any CPU
		{C1793F17-A5BD-48AA-A061-1670BCC69BC3}.Release|Any CPU.Build.0 = Release|Any CPU
		{331BB191-A618-478B-B8E1-6CEE9C2E6660}.Debug|Any CPU.ActiveCfg = Debug|Any CPU
		{331BB191-A618-478B-B8E1-6CEE9C2E6660}.Debug|Any CPU.Build.0 = Debug|Any CPU
		{331BB191-A618-478B-B8E1-6CEE9C2E6660}.Release|Any CPU.ActiveCfg = Release|Any CPU
		{331BB191-A618-478B-B8E1-6CEE9C2E6660}.Release|Any CPU.Build.0 = Release|Any CPU
		{DBBAB5A7-57B3-43F6-A9F6-0417EDF97235}.Debug|Any CPU.ActiveCfg = Debug|Any CPU
		{DBBAB5A7-57B3-43F6-A9F6-0417EDF97235}.Debug|Any CPU.Build.0 = Debug|Any CPU
		{DBBAB5A7-57B3-43F6-A9F6-0417EDF97235}.Release|Any CPU.ActiveCfg = Release|Any CPU
		{DBBAB5A7-57B3-43F6-A9F6-0417EDF97235}.Release|Any CPU.Build.0 = Release|Any CPU
	EndGlobalSection
	GlobalSection(SolutionProperties) = preSolution
		HideSolutionNode = FALSE
	EndGlobalSection
	GlobalSection(NestedProjects) = preSolution
		{77FAC559-B1F6-4972-814F-9BE09FCAFB1C} = {383F35FA-3A1A-45B6-BC0A-DA57043B106A}
		{27BE7258-6BA9-4D38-B9ED-61729FA5134D} = {383F35FA-3A1A-45B6-BC0A-DA57043B106A}
		{2E5450DF-ED7F-4926-88EE-36F4923AE1F8} = {580F5807-89A3-4B85-80BF-4F154C9FAE30}
		{26A42A18-0632-4EBA-9A39-CFFA834ECF77} = {580F5807-89A3-4B85-80BF-4F154C9FAE30}
		{7F583ADB-FEB4-4FA9-BEB0-74931370AD6A} = {383F35FA-3A1A-45B6-BC0A-DA57043B106A}
		{B21281BE-BD14-46AB-921C-E46564507F20} = {580F5807-89A3-4B85-80BF-4F154C9FAE30}
		{3AB2DB6E-6224-453E-AB02-EE95D50B5BC9} = {383F35FA-3A1A-45B6-BC0A-DA57043B106A}
		{C6D2452A-24A6-4AD2-A3B2-7EE89F1E4E9C} = {580F5807-89A3-4B85-80BF-4F154C9FAE30}
		{862D9B52-39FD-4351-8E8D-7E77805A9087} = {383F35FA-3A1A-45B6-BC0A-DA57043B106A}
		{AE1811DB-FD61-4884-ACC1-AE2A2872F50D} = {580F5807-89A3-4B85-80BF-4F154C9FAE30}
		{8602BFB9-0EFD-435E-BA93-E0F3962D8A46} = {64C1CD12-A5ED-4372-A018-4B6114B5AFDD}
		{01D6B7BA-CC45-462F-AADC-5C7021212AAA} = {64C1CD12-A5ED-4372-A018-4B6114B5AFDD}
		{785C2538-86B1-4CC1-8780-9088B46C2ACB} = {64C1CD12-A5ED-4372-A018-4B6114B5AFDD}
		{6DE66698-3C2E-4FF3-BBE4-F767919DCCC8} = {64C1CD12-A5ED-4372-A018-4B6114B5AFDD}
		{F762CC66-B332-4D4E-AB4A-618C66492C39} = {64C1CD12-A5ED-4372-A018-4B6114B5AFDD}
		{7F27347F-3EF1-4052-9FE8-53B44BD6EA6F} = {383F35FA-3A1A-45B6-BC0A-DA57043B106A}
		{37D944E7-B96F-434D-B535-E612AB72DF4C} = {580F5807-89A3-4B85-80BF-4F154C9FAE30}
		{1DEB9E5D-01E0-4101-8794-496A6E0FBC23} = {64C1CD12-A5ED-4372-A018-4B6114B5AFDD}
		{279CB6F9-FBE9-4BE6-BB4A-99642195CAE6} = {383F35FA-3A1A-45B6-BC0A-DA57043B106A}
		{DABA28C6-28A9-4773-AC26-F3265C1674C4} = {64C1CD12-A5ED-4372-A018-4B6114B5AFDD}
		{82466075-5D07-4394-B04C-EBB88325350E} = {FA218316-9D79-4702-BDD1-888C266634D2}
		{22F76A48-1BC5-48B9-99FD-D5B9B272250C} = {FA218316-9D79-4702-BDD1-888C266634D2}
		{08715534-AAD4-482A-B09E-BC9CADEF998F} = {FA218316-9D79-4702-BDD1-888C266634D2}
		{C1793F17-A5BD-48AA-A061-1670BCC69BC3} = {FA218316-9D79-4702-BDD1-888C266634D2}
		{331BB191-A618-478B-B8E1-6CEE9C2E6660} = {FA218316-9D79-4702-BDD1-888C266634D2}
		{DBBAB5A7-57B3-43F6-A9F6-0417EDF97235} = {FA218316-9D79-4702-BDD1-888C266634D2}
	EndGlobalSection
	GlobalSection(ExtensibilityGlobals) = postSolution
		SolutionGuid = {3DB1C9FE-3743-4973-BC61-0BFD7F063824}
	EndGlobalSection
EndGlobal
