
Microsoft Visual Studio Solution File, Format Version 12.00
# Visual Studio Version 16
VisualStudioVersion = 16.0.30517.126
MinimumVisualStudioVersion = 10.0.40219.1
Project("{9A19103F-16F7-4668-BE54-9A1E7A4F7556}") = "Riz.XFramework", "src\Riz.XFramework\Riz.XFramework.csproj", "{82466075-5D07-4394-B04C-EBB88325350E}"
EndProject
Project("{9A19103F-16F7-4668-BE54-9A1E7A4F7556}") = "Riz.XFramework.MySql", "src\Riz.XFramework.MySql\Riz.XFramework.MySql.csproj", "{22F76A48-1BC5-48B9-99FD-D5B9B272250C}"
EndProject
Project("{9A19103F-16F7-4668-BE54-9A1E7A4F7556}") = "Riz.XFramework.Oracle", "src\Riz.XFramework.Oracle\Riz.XFramework.Oracle.csproj", "{08715534-AAD4-482A-B09E-BC9CADEF998F}"
EndProject
Project("{9A19103F-16F7-4668-BE54-9A1E7A4F7556}") = "Riz.XFramework.Postgre", "src\Riz.XFramework.Postgre\Riz.XFramework.Postgre.csproj", "{C1793F17-A5BD-48AA-A061-1670BCC69BC3}"
EndProject
Project("{9A19103F-16F7-4668-BE54-9A1E7A4F7556}") = "Riz.XFramework.SQLite", "src\Riz.XFramework.SQLite\Riz.XFramework.SQLite.csproj", "{331BB191-A618-478B-B8E1-6CEE9C2E6660}"
EndProject
Project("{9A19103F-16F7-4668-BE54-9A1E7A4F7556}") = "Riz.XFramework.UnitTest", "src\Riz.XFramework.UnitTest\Riz.XFramework.UnitTest.csproj", "{DBBAB5A7-57B3-43F6-A9F6-0417EDF97235}"
EndProject
Global
	GlobalSection(SolutionConfigurationPlatforms) = preSolution
		Debug|Any CPU = Debug|Any CPU
		Release|Any CPU = Release|Any CPU
	EndGlobalSection
	GlobalSection(ProjectConfigurationPlatforms) = postSolution
		{82466075-5D07-4394-B04C-EBB88325350E}.Debug|Any CPU.ActiveCfg = Debug|Any CPU
		{82466075-5D07-4394-B04C-EBB88325350E}.Debug|Any CPU.Build.0 = Debug|Any CPU
		{82466075-5D07-4394-B04C-EBB88325350E}.Release|Any CPU.ActiveCfg = Release|Any CPU
		{82466075-5D07-4394-B04C-EBB88325350E}.Release|Any CPU.Build.0 = Release|Any CPU
		{22F76A48-1BC5-48B9-99FD-D5B9B272250C}.Debug|Any CPU.ActiveCfg = Debug|Any CPU
		{22F76A48-1BC5-48B9-99FD-D5B9B272250C}.Debug|Any CPU.Build.0 = Debug|Any CPU
		{22F76A48-1BC5-48B9-99FD-D5B9B272250C}.Release|Any CPU.ActiveCfg = Release|Any CPU
		{22F76A48-1BC5-48B9-99FD-D5B9B272250C}.Release|Any CPU.Build.0 = Release|Any CPU
		{08715534-AAD4-482A-B09E-BC9CADEF998F}.Debug|Any CPU.ActiveCfg = Debug|Any CPU
		{08715534-AAD4-482A-B09E-BC9CADEF998F}.Debug|Any CPU.Build.0 = Debug|Any CPU
		{08715534-AAD4-482A-B09E-BC9CADEF998F}.Release|Any CPU.ActiveCfg = Release|Any CPU
		{08715534-AAD4-482A-B09E-BC9CADEF998F}.Release|Any CPU.Build.0 = Release|Any CPU
		{C1793F17-A5BD-48AA-A061-1670BCC69BC3}.Debug|Any CPU.ActiveCfg = Debug|Any CPU
		{C1793F17-A5BD-48AA-A061-1670BCC69BC3}.Debug|Any CPU.Build.0 = Debug|Any CPU
		{C1793F17-A5BD-48AA-A061-1670BCC69BC3}.Release|Any CPU.ActiveCfg = Release|Any CPU
		{C1793F17-A5BD-48AA-A061-1670BCC69BC3}.Release|Any CPU.Build.0 = Release|Any CPU
		{331BB191-A618-478B-B8E1-6CEE9C2E6660}.Debug|Any CPU.ActiveCfg = Debug|Any CPU
		{331BB191-A618-478B-B8E1-6CEE9C2E6660}.Debug|Any CPU.Build.0 = Debug|Any CPU
		{331BB191-A618-478B-B8E1-6CEE9C2E6660}.Release|Any CPU.ActiveCfg = Release|Any CPU
		{331BB191-A618-478B-B8E1-6CEE9C2E6660}.Release|Any CPU.Build.0 = Release|Any CPU
		{DBBAB5A7-57B3-43F6-A9F6-0417EDF97235}.Debug|Any CPU.ActiveCfg = Debug|Any CPU
		{DBBAB5A7-57B3-43F6-A9F6-0417EDF97235}.Debug|Any CPU.Build.0 = Debug|Any CPU
		{DBBAB5A7-57B3-43F6-A9F6-0417EDF97235}.Release|Any CPU.ActiveCfg = Release|Any CPU
		{DBBAB5A7-57B3-43F6-A9F6-0417EDF97235}.Release|Any CPU.Build.0 = Release|Any CPU
	EndGlobalSection
	GlobalSection(SolutionProperties) = preSolution
		HideSolutionNode = FALSE
	EndGlobalSection
	GlobalSection(ExtensibilityGlobals) = postSolution
		SolutionGuid = {3DB1C9FE-3743-4973-BC61-0BFD7F063824}
	EndGlobalSection
EndGlobal
